
Microsoft Visual Studio Solution File, Format Version 12.00
# Visual Studio Version 17
VisualStudioVersion = 17.4.33103.184
MinimumVisualStudioVersion = 10.0.40219.1
Project("{FAE04EC0-301F-11D3-BF4B-00C04F79EFBC}") = "PRACTICA4_PARIMPAR", "PRACTICA4_PARIMPAR.csproj", "{EA1C4B68-CDCC-4470-9A4A-3F5D661ABC2E}"
EndProject
Global
	GlobalSection(SolutionConfigurationPlatforms) = preSolution
		Debug|Any CPU = Debug|Any CPU
		Release|Any CPU = Release|Any CPU
	EndGlobalSection
	GlobalSection(ProjectConfigurationPlatforms) = postSolution
		{EA1C4B68-CDCC-4470-9A4A-3F5D661ABC2E}.Debug|Any CPU.ActiveCfg = Debug|Any CPU
		{EA1C4B68-CDCC-4470-9A4A-3F5D661ABC2E}.Debug|Any CPU.Build.0 = Debug|Any CPU
		{EA1C4B68-CDCC-4470-9A4A-3F5D661ABC2E}.Release|Any CPU.ActiveCfg = Release|Any CPU
		{EA1C4B68-CDCC-4470-9A4A-3F5D661ABC2E}.Release|Any CPU.Build.0 = Release|Any CPU
	EndGlobalSection
	GlobalSection(SolutionProperties) = preSolution
		HideSolutionNode = FALSE
	EndGlobalSection
	GlobalSection(ExtensibilityGlobals) = postSolution
		SolutionGuid = {795619D1-0E25-46EB-BF16-91DB623FB48E}
	EndGlobalSection
EndGlobal
